
Microsoft Visual Studio Solution File, Format Version 12.00
# Visual Studio Version 16
VisualStudioVersion = 16.0.31729.503
MinimumVisualStudioVersion = 10.0.40219.1
Project("{9A19103F-16F7-4668-BE54-9A1E7A4F7556}") = "is_lab1", "is_lab1\is_lab1.csproj", "{495A85A3-F311-44CD-BD3A-E20939A77AC7}"
EndProject
Project("{9A19103F-16F7-4668-BE54-9A1E7A4F7556}") = "is_lab2", "is_lab2\is_lab2.csproj", "{E5A183C6-F6F5-4250-8ECE-7BC039911098}"
EndProject
Project("{9A19103F-16F7-4668-BE54-9A1E7A4F7556}") = "is_lab3", "is_lab3\is_lab3.csproj", "{702FCD48-C5CB-4785-86F7-69E4CFBB9A69}"
EndProject
Project("{9A19103F-16F7-4668-BE54-9A1E7A4F7556}") = "is_lab4", "is_lab4\is_lab4.csproj", "{77604A39-A294-4833-8EB4-798EE23A046F}"
EndProject
Project("{9A19103F-16F7-4668-BE54-9A1E7A4F7556}") = "is_lab5", "is_lab5\is_lab5.csproj", "{23E2F2A3-E587-46A1-B003-FEBDF6439FE1}"
EndProject
Project("{FAE04EC0-301F-11D3-BF4B-00C04F79EFBC}") = "is_lab6", "is_lab6\is_lab6.csproj", "{8C8AB1B3-2BC2-4627-9739-26A2D0860A14}"
EndProject
Global
	GlobalSection(SolutionConfigurationPlatforms) = preSolution
		Debug|Any CPU = Debug|Any CPU
		Release|Any CPU = Release|Any CPU
	EndGlobalSection
	GlobalSection(ProjectConfigurationPlatforms) = postSolution
		{495A85A3-F311-44CD-BD3A-E20939A77AC7}.Debug|Any CPU.ActiveCfg = Debug|Any CPU
		{495A85A3-F311-44CD-BD3A-E20939A77AC7}.Debug|Any CPU.Build.0 = Debug|Any CPU
		{495A85A3-F311-44CD-BD3A-E20939A77AC7}.Release|Any CPU.ActiveCfg = Release|Any CPU
		{495A85A3-F311-44CD-BD3A-E20939A77AC7}.Release|Any CPU.Build.0 = Release|Any CPU
		{E5A183C6-F6F5-4250-8ECE-7BC039911098}.Debug|Any CPU.ActiveCfg = Debug|Any CPU
		{E5A183C6-F6F5-4250-8ECE-7BC039911098}.Debug|Any CPU.Build.0 = Debug|Any CPU
		{E5A183C6-F6F5-4250-8ECE-7BC039911098}.Release|Any CPU.ActiveCfg = Release|Any CPU
		{E5A183C6-F6F5-4250-8ECE-7BC039911098}.Release|Any CPU.Build.0 = Release|Any CPU
		{702FCD48-C5CB-4785-86F7-69E4CFBB9A69}.Debug|Any CPU.ActiveCfg = Debug|Any CPU
		{702FCD48-C5CB-4785-86F7-69E4CFBB9A69}.Debug|Any CPU.Build.0 = Debug|Any CPU
		{702FCD48-C5CB-4785-86F7-69E4CFBB9A69}.Release|Any CPU.ActiveCfg = Release|Any CPU
		{702FCD48-C5CB-4785-86F7-69E4CFBB9A69}.Release|Any CPU.Build.0 = Release|Any CPU
		{77604A39-A294-4833-8EB4-798EE23A046F}.Debug|Any CPU.ActiveCfg = Debug|Any CPU
		{77604A39-A294-4833-8EB4-798EE23A046F}.Debug|Any CPU.Build.0 = Debug|Any CPU
		{77604A39-A294-4833-8EB4-798EE23A046F}.Release|Any CPU.ActiveCfg = Release|Any CPU
		{77604A39-A294-4833-8EB4-798EE23A046F}.Release|Any CPU.Build.0 = Release|Any CPU
		{23E2F2A3-E587-46A1-B003-FEBDF6439FE1}.Debug|Any CPU.ActiveCfg = Debug|Any CPU
		{23E2F2A3-E587-46A1-B003-FEBDF6439FE1}.Debug|Any CPU.Build.0 = Debug|Any CPU
		{23E2F2A3-E587-46A1-B003-FEBDF6439FE1}.Release|Any CPU.ActiveCfg = Release|Any CPU
		{23E2F2A3-E587-46A1-B003-FEBDF6439FE1}.Release|Any CPU.Build.0 = Release|Any CPU
		{8C8AB1B3-2BC2-4627-9739-26A2D0860A14}.Debug|Any CPU.ActiveCfg = Debug|Any CPU
		{8C8AB1B3-2BC2-4627-9739-26A2D0860A14}.Debug|Any CPU.Build.0 = Debug|Any CPU
		{8C8AB1B3-2BC2-4627-9739-26A2D0860A14}.Release|Any CPU.ActiveCfg = Release|Any CPU
		{8C8AB1B3-2BC2-4627-9739-26A2D0860A14}.Release|Any CPU.Build.0 = Release|Any CPU
	EndGlobalSection
	GlobalSection(SolutionProperties) = preSolution
		HideSolutionNode = FALSE
	EndGlobalSection
	GlobalSection(ExtensibilityGlobals) = postSolution
		SolutionGuid = {E64BD617-469A-44FB-9F9B-D77A5DB01BC6}
	EndGlobalSection
EndGlobal
